// !$*UTF8*$!
{
	archiveVersion = 1;
	classes = {
	};
	objectVersion = 55;
	objects = {

/* Begin PBXBuildFile section */
		47D0691727D59884006E0739 /* UI_494App.swift in Sources */ = {isa = PBXBuildFile; fileRef = 47D0691627D59884006E0739 /* UI_494App.swift */; };
		47D0691927D59884006E0739 /* ContentView.swift in Sources */ = {isa = PBXBuildFile; fileRef = 47D0691827D59884006E0739 /* ContentView.swift */; };
		47D0691B27D59885006E0739 /* Assets.xcassets in Resources */ = {isa = PBXBuildFile; fileRef = 47D0691A27D59885006E0739 /* Assets.xcassets */; };
		47D0691E27D59885006E0739 /* Preview Assets.xcassets in Resources */ = {isa = PBXBuildFile; fileRef = 47D0691D27D59885006E0739 /* Preview Assets.xcassets */; };
		47D0692827D59885006E0739 /* UI_494Tests.swift in Sources */ = {isa = PBXBuildFile; fileRef = 47D0692727D59885006E0739 /* UI_494Tests.swift */; };
		47D0693227D59885006E0739 /* UI_494UITests.swift in Sources */ = {isa = PBXBuildFile; fileRef = 47D0693127D59885006E0739 /* UI_494UITests.swift */; };
		47D0693427D59885006E0739 /* UI_494UITestsLaunchTests.swift in Sources */ = {isa = PBXBuildFile; fileRef = 47D0693327D59885006E0739 /* UI_494UITestsLaunchTests.swift */; };
		47D0694327D598A3006E0739 /* User.swift in Sources */ = {isa = PBXBuildFile; fileRef = 47D0694227D598A3006E0739 /* User.swift */; };
		47D0694627D598DC006E0739 /* Extencions.swift in Sources */ = {isa = PBXBuildFile; fileRef = 47D0694527D598DC006E0739 /* Extencions.swift */; };
		47D0694827D59940006E0739 /* Home.swift in Sources */ = {isa = PBXBuildFile; fileRef = 47D0694727D59940006E0739 /* Home.swift */; };
		47D0694A27D5996B006E0739 /* ResponceView.swift in Sources */ = {isa = PBXBuildFile; fileRef = 47D0694927D5996B006E0739 /* ResponceView.swift */; };
		47D0694C27D59A7B006E0739 /* SlideBar.swift in Sources */ = {isa = PBXBuildFile; fileRef = 47D0694B27D59A7B006E0739 /* SlideBar.swift */; };
		47D0695027D5AA59006E0739 /* DetailView.swift in Sources */ = {isa = PBXBuildFile; fileRef = 47D0694F27D5AA59006E0739 /* DetailView.swift */; };
/* End PBXBuildFile section */

/* Begin PBXContainerItemProxy section */
		47D0692427D59885006E0739 /* PBXContainerItemProxy */ = {
			isa = PBXContainerItemProxy;
			containerPortal = 47D0690B27D59884006E0739 /* Project object */;
			proxyType = 1;
			remoteGlobalIDString = 47D0691227D59884006E0739;
			remoteInfo = "UI-494";
		};
		47D0692E27D59885006E0739 /* PBXContainerItemProxy */ = {
			isa = PBXContainerItemProxy;
			containerPortal = 47D0690B27D59884006E0739 /* Project object */;
			proxyType = 1;
			remoteGlobalIDString = 47D0691227D59884006E0739;
			remoteInfo = "UI-494";
		};
/* End PBXContainerItemProxy section */

/* Begin PBXFileReference section */
		47D0691327D59884006E0739 /* UI-494.app */ = {isa = PBXFileReference; explicitFileType = wrapper.application; includeInIndex = 0; path = "UI-494.app"; sourceTree = BUILT_PRODUCTS_DIR; };
		47D0691627D59884006E0739 /* UI_494App.swift */ = {isa = PBXFileReference; lastKnownFileType = sourcecode.swift; path = UI_494App.swift; sourceTree = "<group>"; };
		47D0691827D59884006E0739 /* ContentView.swift */ = {isa = PBXFileReference; lastKnownFileType = sourcecode.swift; path = ContentView.swift; sourceTree = "<group>"; };
		47D0691A27D59885006E0739 /* Assets.xcassets */ = {isa = PBXFileReference; lastKnownFileType = folder.assetcatalog; path = Assets.xcassets; sourceTree = "<group>"; };
		47D0691D27D59885006E0739 /* Preview Assets.xcassets */ = {isa = PBXFileReference; lastKnownFileType = folder.assetcatalog; path = "Preview Assets.xcassets"; sourceTree = "<group>"; };
		47D0692327D59885006E0739 /* UI-494Tests.xctest */ = {isa = PBXFileReference; explicitFileType = wrapper.cfbundle; includeInIndex = 0; path = "UI-494Tests.xctest"; sourceTree = BUILT_PRODUCTS_DIR; };
		47D0692727D59885006E0739 /* UI_494Tests.swift */ = {isa = PBXFileReference; lastKnownFileType = sourcecode.swift; path = UI_494Tests.swift; sourceTree = "<group>"; };
		47D0692D27D59885006E0739 /* UI-494UITests.xctest */ = {isa = PBXFileReference; explicitFileType = wrapper.cfbundle; includeInIndex = 0; path = "UI-494UITests.xctest"; sourceTree = BUILT_PRODUCTS_DIR; };
		47D0693127D59885006E0739 /* UI_494UITests.swift */ = {isa = PBXFileReference; lastKnownFileType = sourcecode.swift; path = UI_494UITests.swift; sourceTree = "<group>"; };
		47D0693327D59885006E0739 /* UI_494UITestsLaunchTests.swift */ = {isa = PBXFileReference; lastKnownFileType = sourcecode.swift; path = UI_494UITestsLaunchTests.swift; sourceTree = "<group>"; };
		47D0694227D598A3006E0739 /* User.swift */ = {isa = PBXFileReference; lastKnownFileType = sourcecode.swift; path = User.swift; sourceTree = "<group>"; };
		47D0694527D598DC006E0739 /* Extencions.swift */ = {isa = PBXFileReference; lastKnownFileType = sourcecode.swift; path = Extencions.swift; sourceTree = "<group>"; };
		47D0694727D59940006E0739 /* Home.swift */ = {isa = PBXFileReference; lastKnownFileType = sourcecode.swift; path = Home.swift; sourceTree = "<group>"; };
		47D0694927D5996B006E0739 /* ResponceView.swift */ = {isa = PBXFileReference; lastKnownFileType = sourcecode.swift; path = ResponceView.swift; sourceTree = "<group>"; };
		47D0694B27D59A7B006E0739 /* SlideBar.swift */ = {isa = PBXFileReference; lastKnownFileType = sourcecode.swift; path = SlideBar.swift; sourceTree = "<group>"; };
		47D0694F27D5AA59006E0739 /* DetailView.swift */ = {isa = PBXFileReference; lastKnownFileType = sourcecode.swift; path = DetailView.swift; sourceTree = "<group>"; };
/* End PBXFileReference section */

/* Begin PBXFrameworksBuildPhase section */
		47D0691027D59884006E0739 /* Frameworks */ = {
			isa = PBXFrameworksBuildPhase;
			buildActionMask = 2147483647;
			files = (
			);
			runOnlyForDeploymentPostprocessing = 0;
		};
		47D0692027D59885006E0739 /* Frameworks */ = {
			isa = PBXFrameworksBuildPhase;
			buildActionMask = 2147483647;
			files = (
			);
			runOnlyForDeploymentPostprocessing = 0;
		};
		47D0692A27D59885006E0739 /* Frameworks */ = {
			isa = PBXFrameworksBuildPhase;
			buildActionMask = 2147483647;
			files = (
			);
			runOnlyForDeploymentPostprocessing = 0;
		};
/* End PBXFrameworksBuildPhase section */

/* Begin PBXGroup section */
		47D0690A27D59884006E0739 = {
			isa = PBXGroup;
			children = (
				47D0691527D59884006E0739 /* UI-494 */,
				47D0692627D59885006E0739 /* UI-494Tests */,
				47D0693027D59885006E0739 /* UI-494UITests */,
				47D0691427D59884006E0739 /* Products */,
			);
			sourceTree = "<group>";
		};
		47D0691427D59884006E0739 /* Products */ = {
			isa = PBXGroup;
			children = (
				47D0691327D59884006E0739 /* UI-494.app */,
				47D0692327D59885006E0739 /* UI-494Tests.xctest */,
				47D0692D27D59885006E0739 /* UI-494UITests.xctest */,
			);
			name = Products;
			sourceTree = "<group>";
		};
		47D0691527D59884006E0739 /* UI-494 */ = {
			isa = PBXGroup;
			children = (
				47D0694427D598D3006E0739 /* Helper */,
				47D0694127D59897006E0739 /* Model */,
				47D0694027D59893006E0739 /* View */,
				47D0691627D59884006E0739 /* UI_494App.swift */,
				47D0691827D59884006E0739 /* ContentView.swift */,
				47D0691A27D59885006E0739 /* Assets.xcassets */,
				47D0691C27D59885006E0739 /* Preview Content */,
			);
			path = "UI-494";
			sourceTree = "<group>";
		};
		47D0691C27D59885006E0739 /* Preview Content */ = {
			isa = PBXGroup;
			children = (
				47D0691D27D59885006E0739 /* Preview Assets.xcassets */,
			);
			path = "Preview Content";
			sourceTree = "<group>";
		};
		47D0692627D59885006E0739 /* UI-494Tests */ = {
			isa = PBXGroup;
			children = (
				47D0692727D59885006E0739 /* UI_494Tests.swift */,
			);
			path = "UI-494Tests";
			sourceTree = "<group>";
		};
		47D0693027D59885006E0739 /* UI-494UITests */ = {
			isa = PBXGroup;
			children = (
				47D0693127D59885006E0739 /* UI_494UITests.swift */,
				47D0693327D59885006E0739 /* UI_494UITestsLaunchTests.swift */,
			);
			path = "UI-494UITests";
			sourceTree = "<group>";
		};
		47D0694027D59893006E0739 /* View */ = {
			isa = PBXGroup;
			children = (
				47D0694727D59940006E0739 /* Home.swift */,
				47D0694927D5996B006E0739 /* ResponceView.swift */,
				47D0694B27D59A7B006E0739 /* SlideBar.swift */,
				47D0694F27D5AA59006E0739 /* DetailView.swift */,
			);
			path = View;
			sourceTree = "<group>";
		};
		47D0694127D59897006E0739 /* Model */ = {
			isa = PBXGroup;
			children = (
				47D0694227D598A3006E0739 /* User.swift */,
			);
			path = Model;
			sourceTree = "<group>";
		};
		47D0694427D598D3006E0739 /* Helper */ = {
			isa = PBXGroup;
			children = (
				47D0694527D598DC006E0739 /* Extencions.swift */,
			);
			path = Helper;
			sourceTree = "<group>";
		};
/* End PBXGroup section */

/* Begin PBXNativeTarget section */
		47D0691227D59884006E0739 /* UI-494 */ = {
			isa = PBXNativeTarget;
			buildConfigurationList = 47D0693727D59885006E0739 /* Build configuration list for PBXNativeTarget "UI-494" */;
			buildPhases = (
				47D0690F27D59884006E0739 /* Sources */,
				47D0691027D59884006E0739 /* Frameworks */,
				47D0691127D59884006E0739 /* Resources */,
			);
			buildRules = (
			);
			dependencies = (
			);
			name = "UI-494";
			productName = "UI-494";
			productReference = 47D0691327D59884006E0739 /* UI-494.app */;
			productType = "com.apple.product-type.application";
		};
		47D0692227D59885006E0739 /* UI-494Tests */ = {
			isa = PBXNativeTarget;
			buildConfigurationList = 47D0693A27D59885006E0739 /* Build configuration list for PBXNativeTarget "UI-494Tests" */;
			buildPhases = (
				47D0691F27D59885006E0739 /* Sources */,
				47D0692027D59885006E0739 /* Frameworks */,
				47D0692127D59885006E0739 /* Resources */,
			);
			buildRules = (
			);
			dependencies = (
				47D0692527D59885006E0739 /* PBXTargetDependency */,
			);
			name = "UI-494Tests";
			productName = "UI-494Tests";
			productReference = 47D0692327D59885006E0739 /* UI-494Tests.xctest */;
			productType = "com.apple.product-type.bundle.unit-test";
		};
		47D0692C27D59885006E0739 /* UI-494UITests */ = {
			isa = PBXNativeTarget;
			buildConfigurationList = 47D0693D27D59885006E0739 /* Build configuration list for PBXNativeTarget "UI-494UITests" */;
			buildPhases = (
				47D0692927D59885006E0739 /* Sources */,
				47D0692A27D59885006E0739 /* Frameworks */,
				47D0692B27D59885006E0739 /* Resources */,
			);
			buildRules = (
			);
			dependencies = (
				47D0692F27D59885006E0739 /* PBXTargetDependency */,
			);
			name = "UI-494UITests";
			productName = "UI-494UITests";
			productReference = 47D0692D27D59885006E0739 /* UI-494UITests.xctest */;
			productType = "com.apple.product-type.bundle.ui-testing";
		};
/* End PBXNativeTarget section */

/* Begin PBXProject section */
		47D0690B27D59884006E0739 /* Project object */ = {
			isa = PBXProject;
			attributes = {
				BuildIndependentTargetsInParallel = 1;
				LastSwiftUpdateCheck = 1330;
				LastUpgradeCheck = 1330;
				TargetAttributes = {
					47D0691227D59884006E0739 = {
						CreatedOnToolsVersion = 13.3;
					};
					47D0692227D59885006E0739 = {
						CreatedOnToolsVersion = 13.3;
						TestTargetID = 47D0691227D59884006E0739;
					};
					47D0692C27D59885006E0739 = {
						CreatedOnToolsVersion = 13.3;
						TestTargetID = 47D0691227D59884006E0739;
					};
				};
			};
			buildConfigurationList = 47D0690E27D59884006E0739 /* Build configuration list for PBXProject "UI-494" */;
			compatibilityVersion = "Xcode 13.0";
			developmentRegion = en;
			hasScannedForEncodings = 0;
			knownRegions = (
				en,
				Base,
			);
			mainGroup = 47D0690A27D59884006E0739;
			productRefGroup = 47D0691427D59884006E0739 /* Products */;
			projectDirPath = "";
			projectRoot = "";
			targets = (
				47D0691227D59884006E0739 /* UI-494 */,
				47D0692227D59885006E0739 /* UI-494Tests */,
				47D0692C27D59885006E0739 /* UI-494UITests */,
			);
		};
/* End PBXProject section */

/* Begin PBXResourcesBuildPhase section */
		47D0691127D59884006E0739 /* Resources */ = {
			isa = PBXResourcesBuildPhase;
			buildActionMask = 2147483647;
			files = (
				47D0691E27D59885006E0739 /* Preview Assets.xcassets in Resources */,
				47D0691B27D59885006E0739 /* Assets.xcassets in Resources */,
			);
			runOnlyForDeploymentPostprocessing = 0;
		};
		47D0692127D59885006E0739 /* Resources */ = {
			isa = PBXResourcesBuildPhase;
			buildActionMask = 2147483647;
			files = (
			);
			runOnlyForDeploymentPostprocessing = 0;
		};
		47D0692B27D59885006E0739 /* Resources */ = {
			isa = PBXResourcesBuildPhase;
			buildActionMask = 2147483647;
			files = (
			);
			runOnlyForDeploymentPostprocessing = 0;
		};
/* End PBXResourcesBuildPhase section */

/* Begin PBXSourcesBuildPhase section */
		47D0690F27D59884006E0739 /* Sources */ = {
			isa = PBXSourcesBuildPhase;
			buildActionMask = 2147483647;
			files = (
				47D0694C27D59A7B006E0739 /* SlideBar.swift in Sources */,
				47D0695027D5AA59006E0739 /* DetailView.swift in Sources */,
				47D0691927D59884006E0739 /* ContentView.swift in Sources */,
				47D0691727D59884006E0739 /* UI_494App.swift in Sources */,
				47D0694827D59940006E0739 /* Home.swift in Sources */,
				47D0694A27D5996B006E0739 /* ResponceView.swift in Sources */,
				47D0694327D598A3006E0739 /* User.swift in Sources */,
				47D0694627D598DC006E0739 /* Extencions.swift in Sources */,
			);
			runOnlyForDeploymentPostprocessing = 0;
		};
		47D0691F27D59885006E0739 /* Sources */ = {
			isa = PBXSourcesBuildPhase;
			buildActionMask = 2147483647;
			files = (
				47D0692827D59885006E0739 /* UI_494Tests.swift in Sources */,
			);
			runOnlyForDeploymentPostprocessing = 0;
		};
		47D0692927D59885006E0739 /* Sources */ = {
			isa = PBXSourcesBuildPhase;
			buildActionMask = 2147483647;
			files = (
				47D0693427D59885006E0739 /* UI_494UITestsLaunchTests.swift in Sources */,
				47D0693227D59885006E0739 /* UI_494UITests.swift in Sources */,
			);
			runOnlyForDeploymentPostprocessing = 0;
		};
/* End PBXSourcesBuildPhase section */

/* Begin PBXTargetDependency section */
		47D0692527D59885006E0739 /* PBXTargetDependency */ = {
			isa = PBXTargetDependency;
			target = 47D0691227D59884006E0739 /* UI-494 */;
			targetProxy = 47D0692427D59885006E0739 /* PBXContainerItemProxy */;
		};
		47D0692F27D59885006E0739 /* PBXTargetDependency */ = {
			isa = PBXTargetDependency;
			target = 47D0691227D59884006E0739 /* UI-494 */;
			targetProxy = 47D0692E27D59885006E0739 /* PBXContainerItemProxy */;
		};
/* End PBXTargetDependency section */

/* Begin XCBuildConfiguration section */
		47D0693527D59885006E0739 /* Debug */ = {
			isa = XCBuildConfiguration;
			buildSettings = {
				ALWAYS_SEARCH_USER_PATHS = NO;
				CLANG_ANALYZER_NONNULL = YES;
				CLANG_ANALYZER_NUMBER_OBJECT_CONVERSION = YES_AGGRESSIVE;
				CLANG_CXX_LANGUAGE_STANDARD = "gnu++17";
				CLANG_ENABLE_MODULES = YES;
				CLANG_ENABLE_OBJC_ARC = YES;
				CLANG_ENABLE_OBJC_WEAK = YES;
				CLANG_WARN_BLOCK_CAPTURE_AUTORELEASING = YES;
				CLANG_WARN_BOOL_CONVERSION = YES;
				CLANG_WARN_COMMA = YES;
				CLANG_WARN_CONSTANT_CONVERSION = YES;
				CLANG_WARN_DEPRECATED_OBJC_IMPLEMENTATIONS = YES;
				CLANG_WARN_DIRECT_OBJC_ISA_USAGE = YES_ERROR;
				CLANG_WARN_DOCUMENTATION_COMMENTS = YES;
				CLANG_WARN_EMPTY_BODY = YES;
				CLANG_WARN_ENUM_CONVERSION = YES;
				CLANG_WARN_INFINITE_RECURSION = YES;
				CLANG_WARN_INT_CONVERSION = YES;
				CLANG_WARN_NON_LITERAL_NULL_CONVERSION = YES;
				CLANG_WARN_OBJC_IMPLICIT_RETAIN_SELF = YES;
				CLANG_WARN_OBJC_LITERAL_CONVERSION = YES;
				CLANG_WARN_OBJC_ROOT_CLASS = YES_ERROR;
				CLANG_WARN_QUOTED_INCLUDE_IN_FRAMEWORK_HEADER = YES;
				CLANG_WARN_RANGE_LOOP_ANALYSIS = YES;
				CLANG_WARN_STRICT_PROTOTYPES = YES;
				CLANG_WARN_SUSPICIOUS_MOVE = YES;
				CLANG_WARN_UNGUARDED_AVAILABILITY = YES_AGGRESSIVE;
				CLANG_WARN_UNREACHABLE_CODE = YES;
				CLANG_WARN__DUPLICATE_METHOD_MATCH = YES;
				COPY_PHASE_STRIP = NO;
				DEBUG_INFORMATION_FORMAT = dwarf;
				ENABLE_STRICT_OBJC_MSGSEND = YES;
				ENABLE_TESTABILITY = YES;
				GCC_C_LANGUAGE_STANDARD = gnu11;
				GCC_DYNAMIC_NO_PIC = NO;
				GCC_NO_COMMON_BLOCKS = YES;
				GCC_OPTIMIZATION_LEVEL = 0;
				GCC_PREPROCESSOR_DEFINITIONS = (
					"DEBUG=1",
					"$(inherited)",
				);
				GCC_WARN_64_TO_32_BIT_CONVERSION = YES;
				GCC_WARN_ABOUT_RETURN_TYPE = YES_ERROR;
				GCC_WARN_UNDECLARED_SELECTOR = YES;
				GCC_WARN_UNINITIALIZED_AUTOS = YES_AGGRESSIVE;
				GCC_WARN_UNUSED_FUNCTION = YES;
				GCC_WARN_UNUSED_VARIABLE = YES;
				IPHONEOS_DEPLOYMENT_TARGET = 15.4;
				MTL_ENABLE_DEBUG_INFO = INCLUDE_SOURCE;
				MTL_FAST_MATH = YES;
				ONLY_ACTIVE_ARCH = YES;
				SDKROOT = iphoneos;
				SWIFT_ACTIVE_COMPILATION_CONDITIONS = DEBUG;
				SWIFT_OPTIMIZATION_LEVEL = "-Onone";
			};
			name = Debug;
		};
		47D0693627D59885006E0739 /* Release */ = {
			isa = XCBuildConfiguration;
			buildSettings = {
				ALWAYS_SEARCH_USER_PATHS = NO;
				CLANG_ANALYZER_NONNULL = YES;
				CLANG_ANALYZER_NUMBER_OBJECT_CONVERSION = YES_AGGRESSIVE;
				CLANG_CXX_LANGUAGE_STANDARD = "gnu++17";
				CLANG_ENABLE_MODULES = YES;
				CLANG_ENABLE_OBJC_ARC = YES;
				CLANG_ENABLE_OBJC_WEAK = YES;
				CLANG_WARN_BLOCK_CAPTURE_AUTORELEASING = YES;
				CLANG_WARN_BOOL_CONVERSION = YES;
				CLANG_WARN_COMMA = YES;
				CLANG_WARN_CONSTANT_CONVERSION = YES;
				CLANG_WARN_DEPRECATED_OBJC_IMPLEMENTATIONS = YES;
				CLANG_WARN_DIRECT_OBJC_ISA_USAGE = YES_ERROR;
				CLANG_WARN_DOCUMENTATION_COMMENTS = YES;
				CLANG_WARN_EMPTY_BODY = YES;
				CLANG_WARN_ENUM_CONVERSION = YES;
				CLANG_WARN_INFINITE_RECURSION = YES;
				CLANG_WARN_INT_CONVERSION = YES;
				CLANG_WARN_NON_LITERAL_NULL_CONVERSION = YES;
				CLANG_WARN_OBJC_IMPLICIT_RETAIN_SELF = YES;
				CLANG_WARN_OBJC_LITERAL_CONVERSION = YES;
				CLANG_WARN_OBJC_ROOT_CLASS = YES_ERROR;
				CLANG_WARN_QUOTED_INCLUDE_IN_FRAMEWORK_HEADER = YES;
				CLANG_WARN_RANGE_LOOP_ANALYSIS = YES;
				CLANG_WARN_STRICT_PROTOTYPES = YES;
				CLANG_WARN_SUSPICIOUS_MOVE = YES;
				CLANG_WARN_UNGUARDED_AVAILABILITY = YES_AGGRESSIVE;
				CLANG_WARN_UNREACHABLE_CODE = YES;
				CLANG_WARN__DUPLICATE_METHOD_MATCH = YES;
				COPY_PHASE_STRIP = NO;
				DEBUG_INFORMATION_FORMAT = "dwarf-with-dsym";
				ENABLE_NS_ASSERTIONS = NO;
				ENABLE_STRICT_OBJC_MSGSEND = YES;
				GCC_C_LANGUAGE_STANDARD = gnu11;
				GCC_NO_COMMON_BLOCKS = YES;
				GCC_WARN_64_TO_32_BIT_CONVERSION = YES;
				GCC_WARN_ABOUT_RETURN_TYPE = YES_ERROR;
				GCC_WARN_UNDECLARED_SELECTOR = YES;
				GCC_WARN_UNINITIALIZED_AUTOS = YES_AGGRESSIVE;
				GCC_WARN_UNUSED_FUNCTION = YES;
				GCC_WARN_UNUSED_VARIABLE = YES;
				IPHONEOS_DEPLOYMENT_TARGET = 15.4;
				MTL_ENABLE_DEBUG_INFO = NO;
				MTL_FAST_MATH = YES;
				SDKROOT = iphoneos;
				SWIFT_COMPILATION_MODE = wholemodule;
				SWIFT_OPTIMIZATION_LEVEL = "-O";
				VALIDATE_PRODUCT = YES;
			};
			name = Release;
		};
		47D0693827D59885006E0739 /* Debug */ = {
			isa = XCBuildConfiguration;
			buildSettings = {
				ASSETCATALOG_COMPILER_APPICON_NAME = AppIcon;
				ASSETCATALOG_COMPILER_GLOBAL_ACCENT_COLOR_NAME = AccentColor;
				CODE_SIGN_STYLE = Automatic;
				CURRENT_PROJECT_VERSION = 1;
				DEVELOPMENT_ASSET_PATHS = "\"UI-494/Preview Content\"";
				DEVELOPMENT_TEAM = 8CL4U468K5;
				ENABLE_PREVIEWS = YES;
				GENERATE_INFOPLIST_FILE = YES;
				INFOPLIST_KEY_UIApplicationSceneManifest_Generation = YES;
				INFOPLIST_KEY_UIApplicationSupportsIndirectInputEvents = YES;
				INFOPLIST_KEY_UILaunchScreen_Generation = YES;
				INFOPLIST_KEY_UISupportedInterfaceOrientations_iPad = "UIInterfaceOrientationPortrait UIInterfaceOrientationPortraitUpsideDown UIInterfaceOrientationLandscapeLeft UIInterfaceOrientationLandscapeRight";
				INFOPLIST_KEY_UISupportedInterfaceOrientations_iPhone = "UIInterfaceOrientationPortrait UIInterfaceOrientationLandscapeLeft UIInterfaceOrientationLandscapeRight";
				LD_RUNPATH_SEARCH_PATHS = (
					"$(inherited)",
					"@executable_path/Frameworks",
				);
				MARKETING_VERSION = 1.0;
				PRODUCT_BUNDLE_IDENTIFIER = "com.585.UI-494";
				PRODUCT_NAME = "$(TARGET_NAME)";
				SWIFT_EMIT_LOC_STRINGS = YES;
				SWIFT_VERSION = 5.0;
				TARGETED_DEVICE_FAMILY = "1,2";
			};
			name = Debug;
		};
		47D0693927D59885006E0739 /* Release */ = {
			isa = XCBuildConfiguration;
			buildSettings = {
				ASSETCATALOG_COMPILER_APPICON_NAME = AppIcon;
				ASSETCATALOG_COMPILER_GLOBAL_ACCENT_COLOR_NAME = AccentColor;
				CODE_SIGN_STYLE = Automatic;
				CURRENT_PROJECT_VERSION = 1;
				DEVELOPMENT_ASSET_PATHS = "\"UI-494/Preview Content\"";
				DEVELOPMENT_TEAM = 8CL4U468K5;
				ENABLE_PREVIEWS = YES;
				GENERATE_INFOPLIST_FILE = YES;
				INFOPLIST_KEY_UIApplicationSceneManifest_Generation = YES;
				INFOPLIST_KEY_UIApplicationSupportsIndirectInputEvents = YES;
				INFOPLIST_KEY_UILaunchScreen_Generation = YES;
				INFOPLIST_KEY_UISupportedInterfaceOrientations_iPad = "UIInterfaceOrientationPortrait UIInterfaceOrientationPortraitUpsideDown UIInterfaceOrientationLandscapeLeft UIInterfaceOrientationLandscapeRight";
				INFOPLIST_KEY_UISupportedInterfaceOrientations_iPhone = "UIInterfaceOrientationPortrait UIInterfaceOrientationLandscapeLeft UIInterfaceOrientationLandscapeRight";
				LD_RUNPATH_SEARCH_PATHS = (
					"$(inherited)",
					"@executable_path/Frameworks",
				);
				MARKETING_VERSION = 1.0;
				PRODUCT_BUNDLE_IDENTIFIER = "com.585.UI-494";
				PRODUCT_NAME = "$(TARGET_NAME)";
				SWIFT_EMIT_LOC_STRINGS = YES;
				SWIFT_VERSION = 5.0;
				TARGETED_DEVICE_FAMILY = "1,2";
			};
			name = Release;
		};
		47D0693B27D59885006E0739 /* Debug */ = {
			isa = XCBuildConfiguration;
			buildSettings = {
				ALWAYS_EMBED_SWIFT_STANDARD_LIBRARIES = YES;
				BUNDLE_LOADER = "$(TEST_HOST)";
				CODE_SIGN_STYLE = Automatic;
				CURRENT_PROJECT_VERSION = 1;
				DEVELOPMENT_TEAM = 8CL4U468K5;
				GENERATE_INFOPLIST_FILE = YES;
				IPHONEOS_DEPLOYMENT_TARGET = 15.4;
				MARKETING_VERSION = 1.0;
				PRODUCT_BUNDLE_IDENTIFIER = "com.585.UI-494Tests";
				PRODUCT_NAME = "$(TARGET_NAME)";
				SWIFT_EMIT_LOC_STRINGS = NO;
				SWIFT_VERSION = 5.0;
				TARGETED_DEVICE_FAMILY = "1,2";
				TEST_HOST = "$(BUILT_PRODUCTS_DIR)/UI-494.app/UI-494";
			};
			name = Debug;
		};
		47D0693C27D59885006E0739 /* Release */ = {
			isa = XCBuildConfiguration;
			buildSettings = {
				ALWAYS_EMBED_SWIFT_STANDARD_LIBRARIES = YES;
				BUNDLE_LOADER = "$(TEST_HOST)";
				CODE_SIGN_STYLE = Automatic;
				CURRENT_PROJECT_VERSION = 1;
				DEVELOPMENT_TEAM = 8CL4U468K5;
				GENERATE_INFOPLIST_FILE = YES;
				IPHONEOS_DEPLOYMENT_TARGET = 15.4;
				MARKETING_VERSION = 1.0;
				PRODUCT_BUNDLE_IDENTIFIER = "com.585.UI-494Tests";
				PRODUCT_NAME = "$(TARGET_NAME)";
				SWIFT_EMIT_LOC_STRINGS = NO;
				SWIFT_VERSION = 5.0;
				TARGETED_DEVICE_FAMILY = "1,2";
				TEST_HOST = "$(BUILT_PRODUCTS_DIR)/UI-494.app/UI-494";
			};
			name = Release;
		};
		47D0693E27D59885006E0739 /* Debug */ = {
			isa = XCBuildConfiguration;
			buildSettings = {
				ALWAYS_EMBED_SWIFT_STANDARD_LIBRARIES = YES;
				CODE_SIGN_STYLE = Automatic;
				CURRENT_PROJECT_VERSION = 1;
				DEVELOPMENT_TEAM = 8CL4U468K5;
				GENERATE_INFOPLIST_FILE = YES;
				MARKETING_VERSION = 1.0;
				PRODUCT_BUNDLE_IDENTIFIER = "com.585.UI-494UITests";
				PRODUCT_NAME = "$(TARGET_NAME)";
				SWIFT_EMIT_LOC_STRINGS = NO;
				SWIFT_VERSION = 5.0;
				TARGETED_DEVICE_FAMILY = "1,2";
				TEST_TARGET_NAME = "UI-494";
			};
			name = Debug;
		};
		47D0693F27D59885006E0739 /* Release */ = {
			isa = XCBuildConfiguration;
			buildSettings = {
				ALWAYS_EMBED_SWIFT_STANDARD_LIBRARIES = YES;
				CODE_SIGN_STYLE = Automatic;
				CURRENT_PROJECT_VERSION = 1;
				DEVELOPMENT_TEAM = 8CL4U468K5;
				GENERATE_INFOPLIST_FILE = YES;
				MARKETING_VERSION = 1.0;
				PRODUCT_BUNDLE_IDENTIFIER = "com.585.UI-494UITests";
				PRODUCT_NAME = "$(TARGET_NAME)";
				SWIFT_EMIT_LOC_STRINGS = NO;
				SWIFT_VERSION = 5.0;
				TARGETED_DEVICE_FAMILY = "1,2";
				TEST_TARGET_NAME = "UI-494";
			};
			name = Release;
		};
/* End XCBuildConfiguration section */

/* Begin XCConfigurationList section */
		47D0690E27D59884006E0739 /* Build configuration list for PBXProject "UI-494" */ = {
			isa = XCConfigurationList;
			buildConfigurations = (
				47D0693527D59885006E0739 /* Debug */,
				47D0693627D59885006E0739 /* Release */,
			);
			defaultConfigurationIsVisible = 0;
			defaultConfigurationName = Release;
		};
		47D0693727D59885006E0739 /* Build configuration list for PBXNativeTarget "UI-494" */ = {
			isa = XCConfigurationList;
			buildConfigurations = (
				47D0693827D59885006E0739 /* Debug */,
				47D0693927D59885006E0739 /* Release */,
			);
			defaultConfigurationIsVisible = 0;
			defaultConfigurationName = Release;
		};
		47D0693A27D59885006E0739 /* Build configuration list for PBXNativeTarget "UI-494Tests" */ = {
			isa = XCConfigurationList;
			buildConfigurations = (
				47D0693B27D59885006E0739 /* Debug */,
				47D0693C27D59885006E0739 /* Release */,
			);
			defaultConfigurationIsVisible = 0;
			defaultConfigurationName = Release;
		};
		47D0693D27D59885006E0739 /* Build configuration list for PBXNativeTarget "UI-494UITests" */ = {
			isa = XCConfigurationList;
			buildConfigurations = (
				47D0693E27D59885006E0739 /* Debug */,
				47D0693F27D59885006E0739 /* Release */,
			);
			defaultConfigurationIsVisible = 0;
			defaultConfigurationName = Release;
		};
/* End XCConfigurationList section */
	};
	rootObject = 47D0690B27D59884006E0739 /* Project object */;
}
